
Microsoft Visual Studio Solution File, Format Version 12.00
# Visual Studio Version 17
VisualStudioVersion = 17.10.35013.160
MinimumVisualStudioVersion = 10.0.40219.1
Project("{9A19103F-16F7-4668-BE54-9A1E7A4F7556}") = "LibraryManagementSystem", "LibraryManagementSystem\LibraryManagementSystem.csproj", "{81B36D27-340B-4A25-B8FD-51B64671CD62}"
EndProject
Global
	GlobalSection(SolutionConfigurationPlatforms) = preSolution
		Debug|Any CPU = Debug|Any CPU
		Release|Any CPU = Release|Any CPU
	EndGlobalSection
	GlobalSection(ProjectConfigurationPlatforms) = postSolution
		{81B36D27-340B-4A25-B8FD-51B64671CD62}.Debug|Any CPU.ActiveCfg = Debug|Any CPU
		{81B36D27-340B-4A25-B8FD-51B64671CD62}.Debug|Any CPU.Build.0 = Debug|Any CPU
		{81B36D27-340B-4A25-B8FD-51B64671CD62}.Release|Any CPU.ActiveCfg = Release|Any CPU
		{81B36D27-340B-4A25-B8FD-51B64671CD62}.Release|Any CPU.Build.0 = Release|Any CPU
	EndGlobalSection
	GlobalSection(SolutionProperties) = preSolution
		HideSolutionNode = FALSE
	EndGlobalSection
	GlobalSection(ExtensibilityGlobals) = postSolution
		SolutionGuid = {267FAE08-F8D9-4F66-8B47-32634218174D}
	EndGlobalSection
EndGlobal
